
Microsoft Visual Studio Solution File, Format Version 12.00
Project("{2150E333-8FDC-42A3-9474-1A3956D46DE8}") = "src", "src", "{8D4DC220-B606-46DA-87E0-E4AAC50A2C3F}"
EndProject
Project("{2150E333-8FDC-42A3-9474-1A3956D46DE8}") = "Core", "Core", "{DE765AA8-78E5-418D-9C27-026BEA99988F}"
EndProject
Project("{2150E333-8FDC-42A3-9474-1A3956D46DE8}") = "Infrastructure", "Infrastructure", "{C3297134-C7A5-440F-942D-58A83545B578}"
EndProject
Project("{2150E333-8FDC-42A3-9474-1A3956D46DE8}") = "Presentation", "Presentation", "{F03F68E4-5B17-42B0-97DD-A42F0B608848}"
EndProject
Project("{2150E333-8FDC-42A3-9474-1A3956D46DE8}") = "Shared", "Shared", "{B9175DF1-A773-4EF1-BBA8-5598C88C5C66}"
EndProject
Project("{FAE04EC0-301F-11D3-BF4B-00C04F79EFBC}") = "Application", "Application\Application.csproj", "{07732D51-1D72-43F2-B3BA-395E68AF5BC0}"
EndProject
Project("{FAE04EC0-301F-11D3-BF4B-00C04F79EFBC}") = "Domain", "Domain\Domain.csproj", "{0135EF04-5124-41EB-BEC8-711FA564EB40}"
EndProject
Project("{FAE04EC0-301F-11D3-BF4B-00C04F79EFBC}") = "Infrastructure", "Infrastructure\Infrastructure.csproj", "{FA21CE38-7C1E-4B21-901C-722537DD0D96}"
EndProject
Project("{FAE04EC0-301F-11D3-BF4B-00C04F79EFBC}") = "Persistence", "Persistence\Persistence.csproj", "{A26279B8-F33B-4123-9958-B0556FF9D978}"
EndProject
Project("{FAE04EC0-301F-11D3-BF4B-00C04F79EFBC}") = "Shared", "Shared\Shared.csproj", "{AA91B12D-D562-4978-ACB4-DB693C4069E1}"
EndProject
Project("{FAE04EC0-301F-11D3-BF4B-00C04F79EFBC}") = "IdentityServer", "IdentityServer\IdentityServer.csproj", "{CD0EA699-A618-45EB-9127-1A6B46DCD2F3}"
EndProject
Project("{FAE04EC0-301F-11D3-BF4B-00C04F79EFBC}") = "MusicStore", "MusicStore\MusicStore.csproj", "{2B2D16F0-C924-43F6-9C01-38F712D26B22}"
EndProject
Project("{FAE04EC0-301F-11D3-BF4B-00C04F79EFBC}") = "GamerShop", "GamerShop\GamerShop.csproj", "{904760AA-304D-4A3A-8693-FAFA34215932}"
EndProject
Project("{2150E333-8FDC-42A3-9474-1A3956D46DE8}") = "Solution Items", "Solution Items", "{85B15148-76EC-4385-B989-8D303AADAAB6}"
	ProjectSection(SolutionItems) = preProject
		..\docker-compose.yml = ..\docker-compose.yml
	EndProjectSection
EndProject
Global
	GlobalSection(SolutionConfigurationPlatforms) = preSolution
		Debug|Any CPU = Debug|Any CPU
		Release|Any CPU = Release|Any CPU
	EndGlobalSection
	GlobalSection(ProjectConfigurationPlatforms) = postSolution
		{07732D51-1D72-43F2-B3BA-395E68AF5BC0}.Debug|Any CPU.ActiveCfg = Debug|Any CPU
		{07732D51-1D72-43F2-B3BA-395E68AF5BC0}.Debug|Any CPU.Build.0 = Debug|Any CPU
		{07732D51-1D72-43F2-B3BA-395E68AF5BC0}.Release|Any CPU.ActiveCfg = Release|Any CPU
		{07732D51-1D72-43F2-B3BA-395E68AF5BC0}.Release|Any CPU.Build.0 = Release|Any CPU
		{0135EF04-5124-41EB-BEC8-711FA564EB40}.Debug|Any CPU.ActiveCfg = Debug|Any CPU
		{0135EF04-5124-41EB-BEC8-711FA564EB40}.Debug|Any CPU.Build.0 = Debug|Any CPU
		{0135EF04-5124-41EB-BEC8-711FA564EB40}.Release|Any CPU.ActiveCfg = Release|Any CPU
		{0135EF04-5124-41EB-BEC8-711FA564EB40}.Release|Any CPU.Build.0 = Release|Any CPU
		{FA21CE38-7C1E-4B21-901C-722537DD0D96}.Debug|Any CPU.ActiveCfg = Debug|Any CPU
		{FA21CE38-7C1E-4B21-901C-722537DD0D96}.Debug|Any CPU.Build.0 = Debug|Any CPU
		{FA21CE38-7C1E-4B21-901C-722537DD0D96}.Release|Any CPU.ActiveCfg = Release|Any CPU
		{FA21CE38-7C1E-4B21-901C-722537DD0D96}.Release|Any CPU.Build.0 = Release|Any CPU
		{A26279B8-F33B-4123-9958-B0556FF9D978}.Debug|Any CPU.ActiveCfg = Debug|Any CPU
		{A26279B8-F33B-4123-9958-B0556FF9D978}.Debug|Any CPU.Build.0 = Debug|Any CPU
		{A26279B8-F33B-4123-9958-B0556FF9D978}.Release|Any CPU.ActiveCfg = Release|Any CPU
		{A26279B8-F33B-4123-9958-B0556FF9D978}.Release|Any CPU.Build.0 = Release|Any CPU
		{AA91B12D-D562-4978-ACB4-DB693C4069E1}.Debug|Any CPU.ActiveCfg = Debug|Any CPU
		{AA91B12D-D562-4978-ACB4-DB693C4069E1}.Debug|Any CPU.Build.0 = Debug|Any CPU
		{AA91B12D-D562-4978-ACB4-DB693C4069E1}.Release|Any CPU.ActiveCfg = Release|Any CPU
		{AA91B12D-D562-4978-ACB4-DB693C4069E1}.Release|Any CPU.Build.0 = Release|Any CPU
		{CD0EA699-A618-45EB-9127-1A6B46DCD2F3}.Debug|Any CPU.ActiveCfg = Debug|Any CPU
		{CD0EA699-A618-45EB-9127-1A6B46DCD2F3}.Debug|Any CPU.Build.0 = Debug|Any CPU
		{CD0EA699-A618-45EB-9127-1A6B46DCD2F3}.Release|Any CPU.ActiveCfg = Release|Any CPU
		{CD0EA699-A618-45EB-9127-1A6B46DCD2F3}.Release|Any CPU.Build.0 = Release|Any CPU
		{2B2D16F0-C924-43F6-9C01-38F712D26B22}.Debug|Any CPU.ActiveCfg = Debug|Any CPU
		{2B2D16F0-C924-43F6-9C01-38F712D26B22}.Debug|Any CPU.Build.0 = Debug|Any CPU
		{2B2D16F0-C924-43F6-9C01-38F712D26B22}.Release|Any CPU.ActiveCfg = Release|Any CPU
		{2B2D16F0-C924-43F6-9C01-38F712D26B22}.Release|Any CPU.Build.0 = Release|Any CPU
		{904760AA-304D-4A3A-8693-FAFA34215932}.Debug|Any CPU.ActiveCfg = Debug|Any CPU
		{904760AA-304D-4A3A-8693-FAFA34215932}.Debug|Any CPU.Build.0 = Debug|Any CPU
		{904760AA-304D-4A3A-8693-FAFA34215932}.Release|Any CPU.ActiveCfg = Release|Any CPU
		{904760AA-304D-4A3A-8693-FAFA34215932}.Release|Any CPU.Build.0 = Release|Any CPU
	EndGlobalSection
	GlobalSection(NestedProjects) = preSolution
		{DE765AA8-78E5-418D-9C27-026BEA99988F} = {8D4DC220-B606-46DA-87E0-E4AAC50A2C3F}
		{C3297134-C7A5-440F-942D-58A83545B578} = {8D4DC220-B606-46DA-87E0-E4AAC50A2C3F}
		{F03F68E4-5B17-42B0-97DD-A42F0B608848} = {8D4DC220-B606-46DA-87E0-E4AAC50A2C3F}
		{B9175DF1-A773-4EF1-BBA8-5598C88C5C66} = {8D4DC220-B606-46DA-87E0-E4AAC50A2C3F}
		{07732D51-1D72-43F2-B3BA-395E68AF5BC0} = {DE765AA8-78E5-418D-9C27-026BEA99988F}
		{0135EF04-5124-41EB-BEC8-711FA564EB40} = {DE765AA8-78E5-418D-9C27-026BEA99988F}
		{FA21CE38-7C1E-4B21-901C-722537DD0D96} = {C3297134-C7A5-440F-942D-58A83545B578}
		{A26279B8-F33B-4123-9958-B0556FF9D978} = {C3297134-C7A5-440F-942D-58A83545B578}
		{AA91B12D-D562-4978-ACB4-DB693C4069E1} = {B9175DF1-A773-4EF1-BBA8-5598C88C5C66}
		{CD0EA699-A618-45EB-9127-1A6B46DCD2F3} = {F03F68E4-5B17-42B0-97DD-A42F0B608848}
		{2B2D16F0-C924-43F6-9C01-38F712D26B22} = {F03F68E4-5B17-42B0-97DD-A42F0B608848}
		{904760AA-304D-4A3A-8693-FAFA34215932} = {F03F68E4-5B17-42B0-97DD-A42F0B608848}
	EndGlobalSection
EndGlobal
